
Microsoft Visual Studio Solution File, Format Version 12.00
# Visual Studio 14
VisualStudioVersion = 14.0.25420.1
MinimumVisualStudioVersion = 10.0.40219.1
Project("{FAE04EC0-301F-11D3-BF4B-00C04F79EFBC}") = "Plugins", "Plugins\Plugins\Plugins.csproj", "{BF71EAC2-BEC5-4B57-A563-645E5A777848}"
EndProject
Project("{FAE04EC0-301F-11D3-BF4B-00C04F79EFBC}") = "Plugins.Droid", "Plugins\Plugins.Droid\Plugins.Droid.csproj", "{72AEE32A-5FE9-4973-AE13-4842EFBF0AF0}"
EndProject
Project("{FAE04EC0-301F-11D3-BF4B-00C04F79EFBC}") = "Plugins.iOS", "Plugins\Plugins.iOS\Plugins.iOS.csproj", "{0B97AE14-A05C-4DD2-A93B-F1F81D678120}"
EndProject
Project("{FAE04EC0-301F-11D3-BF4B-00C04F79EFBC}") = "Plugins.WinPhone", "Plugins\Plugins.WinPhone\Plugins.WinPhone.csproj", "{00F162F8-F992-4238-AD7A-B724FC302781}"
EndProject
Project("{FAE04EC0-301F-11D3-BF4B-00C04F79EFBC}") = "Plugins.Windows", "Plugins\Plugins.Windows\Plugins.Windows.csproj", "{EB029EB6-0124-4760-8797-102FFF37D61A}"
EndProject
Global
	GlobalSection(SolutionConfigurationPlatforms) = preSolution
		Ad-Hoc|Any CPU = Ad-Hoc|Any CPU
		Ad-Hoc|ARM = Ad-Hoc|ARM
		Ad-Hoc|iPhone = Ad-Hoc|iPhone
		Ad-Hoc|iPhoneSimulator = Ad-Hoc|iPhoneSimulator
		Ad-Hoc|x64 = Ad-Hoc|x64
		Ad-Hoc|x86 = Ad-Hoc|x86
		AppStore|Any CPU = AppStore|Any CPU
		AppStore|ARM = AppStore|ARM
		AppStore|iPhone = AppStore|iPhone
		AppStore|iPhoneSimulator = AppStore|iPhoneSimulator
		AppStore|x64 = AppStore|x64
		AppStore|x86 = AppStore|x86
		Debug|Any CPU = Debug|Any CPU
		Debug|ARM = Debug|ARM
		Debug|iPhone = Debug|iPhone
		Debug|iPhoneSimulator = Debug|iPhoneSimulator
		Debug|x64 = Debug|x64
		Debug|x86 = Debug|x86
		Release|Any CPU = Release|Any CPU
		Release|ARM = Release|ARM
		Release|iPhone = Release|iPhone
		Release|iPhoneSimulator = Release|iPhoneSimulator
		Release|x64 = Release|x64
		Release|x86 = Release|x86
	EndGlobalSection
	GlobalSection(ProjectConfigurationPlatforms) = postSolution
		{BF71EAC2-BEC5-4B57-A563-645E5A777848}.Ad-Hoc|Any CPU.ActiveCfg = Release|Any CPU
		{BF71EAC2-BEC5-4B57-A563-645E5A777848}.Ad-Hoc|Any CPU.Build.0 = Release|Any CPU
		{BF71EAC2-BEC5-4B57-A563-645E5A777848}.Ad-Hoc|ARM.ActiveCfg = Release|Any CPU
		{BF71EAC2-BEC5-4B57-A563-645E5A777848}.Ad-Hoc|ARM.Build.0 = Release|Any CPU
		{BF71EAC2-BEC5-4B57-A563-645E5A777848}.Ad-Hoc|iPhone.ActiveCfg = Release|Any CPU
		{BF71EAC2-BEC5-4B57-A563-645E5A777848}.Ad-Hoc|iPhone.Build.0 = Release|Any CPU
		{BF71EAC2-BEC5-4B57-A563-645E5A777848}.Ad-Hoc|iPhoneSimulator.ActiveCfg = Release|Any CPU
		{BF71EAC2-BEC5-4B57-A563-645E5A777848}.Ad-Hoc|iPhoneSimulator.Build.0 = Release|Any CPU
		{BF71EAC2-BEC5-4B57-A563-645E5A777848}.Ad-Hoc|x64.ActiveCfg = Release|Any CPU
		{BF71EAC2-BEC5-4B57-A563-645E5A777848}.Ad-Hoc|x64.Build.0 = Release|Any CPU
		{BF71EAC2-BEC5-4B57-A563-645E5A777848}.Ad-Hoc|x86.ActiveCfg = Release|Any CPU
		{BF71EAC2-BEC5-4B57-A563-645E5A777848}.Ad-Hoc|x86.Build.0 = Release|Any CPU
		{BF71EAC2-BEC5-4B57-A563-645E5A777848}.AppStore|Any CPU.ActiveCfg = Release|Any CPU
		{BF71EAC2-BEC5-4B57-A563-645E5A777848}.AppStore|Any CPU.Build.0 = Release|Any CPU
		{BF71EAC2-BEC5-4B57-A563-645E5A777848}.AppStore|ARM.ActiveCfg = Release|Any CPU
		{BF71EAC2-BEC5-4B57-A563-645E5A777848}.AppStore|ARM.Build.0 = Release|Any CPU
		{BF71EAC2-BEC5-4B57-A563-645E5A777848}.AppStore|iPhone.ActiveCfg = Release|Any CPU
		{BF71EAC2-BEC5-4B57-A563-645E5A777848}.AppStore|iPhone.Build.0 = Release|Any CPU
		{BF71EAC2-BEC5-4B57-A563-645E5A777848}.AppStore|iPhoneSimulator.ActiveCfg = Release|Any CPU
		{BF71EAC2-BEC5-4B57-A563-645E5A777848}.AppStore|iPhoneSimulator.Build.0 = Release|Any CPU
		{BF71EAC2-BEC5-4B57-A563-645E5A777848}.AppStore|x64.ActiveCfg = Release|Any CPU
		{BF71EAC2-BEC5-4B57-A563-645E5A777848}.AppStore|x64.Build.0 = Release|Any CPU
		{BF71EAC2-BEC5-4B57-A563-645E5A777848}.AppStore|x86.ActiveCfg = Release|Any CPU
		{BF71EAC2-BEC5-4B57-A563-645E5A777848}.AppStore|x86.Build.0 = Release|Any CPU
		{BF71EAC2-BEC5-4B57-A563-645E5A777848}.Debug|Any CPU.ActiveCfg = Debug|Any CPU
		{BF71EAC2-BEC5-4B57-A563-645E5A777848}.Debug|Any CPU.Build.0 = Debug|Any CPU
		{BF71EAC2-BEC5-4B57-A563-645E5A777848}.Debug|ARM.ActiveCfg = Debug|Any CPU
		{BF71EAC2-BEC5-4B57-A563-645E5A777848}.Debug|ARM.Build.0 = Debug|Any CPU
		{BF71EAC2-BEC5-4B57-A563-645E5A777848}.Debug|iPhone.ActiveCfg = Debug|Any CPU
		{BF71EAC2-BEC5-4B57-A563-645E5A777848}.Debug|iPhone.Build.0 = Debug|Any CPU
		{BF71EAC2-BEC5-4B57-A563-645E5A777848}.Debug|iPhoneSimulator.ActiveCfg = Debug|Any CPU
		{BF71EAC2-BEC5-4B57-A563-645E5A777848}.Debug|iPhoneSimulator.Build.0 = Debug|Any CPU
		{BF71EAC2-BEC5-4B57-A563-645E5A777848}.Debug|x64.ActiveCfg = Debug|Any CPU
		{BF71EAC2-BEC5-4B57-A563-645E5A777848}.Debug|x64.Build.0 = Debug|Any CPU
		{BF71EAC2-BEC5-4B57-A563-645E5A777848}.Debug|x86.ActiveCfg = Debug|Any CPU
		{BF71EAC2-BEC5-4B57-A563-645E5A777848}.Debug|x86.Build.0 = Debug|Any CPU
		{BF71EAC2-BEC5-4B57-A563-645E5A777848}.Release|Any CPU.ActiveCfg = Release|Any CPU
		{BF71EAC2-BEC5-4B57-A563-645E5A777848}.Release|Any CPU.Build.0 = Release|Any CPU
		{BF71EAC2-BEC5-4B57-A563-645E5A777848}.Release|ARM.ActiveCfg = Release|Any CPU
		{BF71EAC2-BEC5-4B57-A563-645E5A777848}.Release|ARM.Build.0 = Release|Any CPU
		{BF71EAC2-BEC5-4B57-A563-645E5A777848}.Release|iPhone.ActiveCfg = Release|Any CPU
		{BF71EAC2-BEC5-4B57-A563-645E5A777848}.Release|iPhone.Build.0 = Release|Any CPU
		{BF71EAC2-BEC5-4B57-A563-645E5A777848}.Release|iPhoneSimulator.ActiveCfg = Release|Any CPU
		{BF71EAC2-BEC5-4B57-A563-645E5A777848}.Release|iPhoneSimulator.Build.0 = Release|Any CPU
		{BF71EAC2-BEC5-4B57-A563-645E5A777848}.Release|x64.ActiveCfg = Release|Any CPU
		{BF71EAC2-BEC5-4B57-A563-645E5A777848}.Release|x64.Build.0 = Release|Any CPU
		{BF71EAC2-BEC5-4B57-A563-645E5A777848}.Release|x86.ActiveCfg = Release|Any CPU
		{BF71EAC2-BEC5-4B57-A563-645E5A777848}.Release|x86.Build.0 = Release|Any CPU
		{72AEE32A-5FE9-4973-AE13-4842EFBF0AF0}.Ad-Hoc|Any CPU.ActiveCfg = Release|Any CPU
		{72AEE32A-5FE9-4973-AE13-4842EFBF0AF0}.Ad-Hoc|Any CPU.Build.0 = Release|Any CPU
		{72AEE32A-5FE9-4973-AE13-4842EFBF0AF0}.Ad-Hoc|Any CPU.Deploy.0 = Release|Any CPU
		{72AEE32A-5FE9-4973-AE13-4842EFBF0AF0}.Ad-Hoc|ARM.ActiveCfg = Release|Any CPU
		{72AEE32A-5FE9-4973-AE13-4842EFBF0AF0}.Ad-Hoc|ARM.Build.0 = Release|Any CPU
		{72AEE32A-5FE9-4973-AE13-4842EFBF0AF0}.Ad-Hoc|ARM.Deploy.0 = Release|Any CPU
		{72AEE32A-5FE9-4973-AE13-4842EFBF0AF0}.Ad-Hoc|iPhone.ActiveCfg = Release|Any CPU
		{72AEE32A-5FE9-4973-AE13-4842EFBF0AF0}.Ad-Hoc|iPhone.Build.0 = Release|Any CPU
		{72AEE32A-5FE9-4973-AE13-4842EFBF0AF0}.Ad-Hoc|iPhone.Deploy.0 = Release|Any CPU
		{72AEE32A-5FE9-4973-AE13-4842EFBF0AF0}.Ad-Hoc|iPhoneSimulator.ActiveCfg = Release|Any CPU
		{72AEE32A-5FE9-4973-AE13-4842EFBF0AF0}.Ad-Hoc|iPhoneSimulator.Build.0 = Release|Any CPU
		{72AEE32A-5FE9-4973-AE13-4842EFBF0AF0}.Ad-Hoc|iPhoneSimulator.Deploy.0 = Release|Any CPU
		{72AEE32A-5FE9-4973-AE13-4842EFBF0AF0}.Ad-Hoc|x64.ActiveCfg = Release|Any CPU
		{72AEE32A-5FE9-4973-AE13-4842EFBF0AF0}.Ad-Hoc|x64.Build.0 = Release|Any CPU
		{72AEE32A-5FE9-4973-AE13-4842EFBF0AF0}.Ad-Hoc|x64.Deploy.0 = Release|Any CPU
		{72AEE32A-5FE9-4973-AE13-4842EFBF0AF0}.Ad-Hoc|x86.ActiveCfg = Release|Any CPU
		{72AEE32A-5FE9-4973-AE13-4842EFBF0AF0}.Ad-Hoc|x86.Build.0 = Release|Any CPU
		{72AEE32A-5FE9-4973-AE13-4842EFBF0AF0}.Ad-Hoc|x86.Deploy.0 = Release|Any CPU
		{72AEE32A-5FE9-4973-AE13-4842EFBF0AF0}.AppStore|Any CPU.ActiveCfg = Release|Any CPU
		{72AEE32A-5FE9-4973-AE13-4842EFBF0AF0}.AppStore|Any CPU.Build.0 = Release|Any CPU
		{72AEE32A-5FE9-4973-AE13-4842EFBF0AF0}.AppStore|Any CPU.Deploy.0 = Release|Any CPU
		{72AEE32A-5FE9-4973-AE13-4842EFBF0AF0}.AppStore|ARM.ActiveCfg = Release|Any CPU
		{72AEE32A-5FE9-4973-AE13-4842EFBF0AF0}.AppStore|ARM.Build.0 = Release|Any CPU
		{72AEE32A-5FE9-4973-AE13-4842EFBF0AF0}.AppStore|ARM.Deploy.0 = Release|Any CPU
		{72AEE32A-5FE9-4973-AE13-4842EFBF0AF0}.AppStore|iPhone.ActiveCfg = Release|Any CPU
		{72AEE32A-5FE9-4973-AE13-4842EFBF0AF0}.AppStore|iPhone.Build.0 = Release|Any CPU
		{72AEE32A-5FE9-4973-AE13-4842EFBF0AF0}.AppStore|iPhone.Deploy.0 = Release|Any CPU
		{72AEE32A-5FE9-4973-AE13-4842EFBF0AF0}.AppStore|iPhoneSimulator.ActiveCfg = Release|Any CPU
		{72AEE32A-5FE9-4973-AE13-4842EFBF0AF0}.AppStore|iPhoneSimulator.Build.0 = Release|Any CPU
		{72AEE32A-5FE9-4973-AE13-4842EFBF0AF0}.AppStore|iPhoneSimulator.Deploy.0 = Release|Any CPU
		{72AEE32A-5FE9-4973-AE13-4842EFBF0AF0}.AppStore|x64.ActiveCfg = Release|Any CPU
		{72AEE32A-5FE9-4973-AE13-4842EFBF0AF0}.AppStore|x64.Build.0 = Release|Any CPU
		{72AEE32A-5FE9-4973-AE13-4842EFBF0AF0}.AppStore|x64.Deploy.0 = Release|Any CPU
		{72AEE32A-5FE9-4973-AE13-4842EFBF0AF0}.AppStore|x86.ActiveCfg = Release|Any CPU
		{72AEE32A-5FE9-4973-AE13-4842EFBF0AF0}.AppStore|x86.Build.0 = Release|Any CPU
		{72AEE32A-5FE9-4973-AE13-4842EFBF0AF0}.AppStore|x86.Deploy.0 = Release|Any CPU
		{72AEE32A-5FE9-4973-AE13-4842EFBF0AF0}.Debug|Any CPU.ActiveCfg = Debug|Any CPU
		{72AEE32A-5FE9-4973-AE13-4842EFBF0AF0}.Debug|Any CPU.Build.0 = Debug|Any CPU
		{72AEE32A-5FE9-4973-AE13-4842EFBF0AF0}.Debug|Any CPU.Deploy.0 = Debug|Any CPU
		{72AEE32A-5FE9-4973-AE13-4842EFBF0AF0}.Debug|ARM.ActiveCfg = Debug|Any CPU
		{72AEE32A-5FE9-4973-AE13-4842EFBF0AF0}.Debug|ARM.Build.0 = Debug|Any CPU
		{72AEE32A-5FE9-4973-AE13-4842EFBF0AF0}.Debug|ARM.Deploy.0 = Debug|Any CPU
		{72AEE32A-5FE9-4973-AE13-4842EFBF0AF0}.Debug|iPhone.ActiveCfg = Debug|Any CPU
		{72AEE32A-5FE9-4973-AE13-4842EFBF0AF0}.Debug|iPhone.Build.0 = Debug|Any CPU
		{72AEE32A-5FE9-4973-AE13-4842EFBF0AF0}.Debug|iPhone.Deploy.0 = Debug|Any CPU
		{72AEE32A-5FE9-4973-AE13-4842EFBF0AF0}.Debug|iPhoneSimulator.ActiveCfg = Debug|Any CPU
		{72AEE32A-5FE9-4973-AE13-4842EFBF0AF0}.Debug|iPhoneSimulator.Build.0 = Debug|Any CPU
		{72AEE32A-5FE9-4973-AE13-4842EFBF0AF0}.Debug|iPhoneSimulator.Deploy.0 = Debug|Any CPU
		{72AEE32A-5FE9-4973-AE13-4842EFBF0AF0}.Debug|x64.ActiveCfg = Debug|Any CPU
		{72AEE32A-5FE9-4973-AE13-4842EFBF0AF0}.Debug|x64.Build.0 = Debug|Any CPU
		{72AEE32A-5FE9-4973-AE13-4842EFBF0AF0}.Debug|x64.Deploy.0 = Debug|Any CPU
		{72AEE32A-5FE9-4973-AE13-4842EFBF0AF0}.Debug|x86.ActiveCfg = Debug|Any CPU
		{72AEE32A-5FE9-4973-AE13-4842EFBF0AF0}.Debug|x86.Build.0 = Debug|Any CPU
		{72AEE32A-5FE9-4973-AE13-4842EFBF0AF0}.Debug|x86.Deploy.0 = Debug|Any CPU
		{72AEE32A-5FE9-4973-AE13-4842EFBF0AF0}.Release|Any CPU.ActiveCfg = Release|Any CPU
		{72AEE32A-5FE9-4973-AE13-4842EFBF0AF0}.Release|Any CPU.Build.0 = Release|Any CPU
		{72AEE32A-5FE9-4973-AE13-4842EFBF0AF0}.Release|Any CPU.Deploy.0 = Release|Any CPU
		{72AEE32A-5FE9-4973-AE13-4842EFBF0AF0}.Release|ARM.ActiveCfg = Release|Any CPU
		{72AEE32A-5FE9-4973-AE13-4842EFBF0AF0}.Release|ARM.Build.0 = Release|Any CPU
		{72AEE32A-5FE9-4973-AE13-4842EFBF0AF0}.Release|ARM.Deploy.0 = Release|Any CPU
		{72AEE32A-5FE9-4973-AE13-4842EFBF0AF0}.Release|iPhone.ActiveCfg = Release|Any CPU
		{72AEE32A-5FE9-4973-AE13-4842EFBF0AF0}.Release|iPhone.Build.0 = Release|Any CPU
		{72AEE32A-5FE9-4973-AE13-4842EFBF0AF0}.Release|iPhone.Deploy.0 = Release|Any CPU
		{72AEE32A-5FE9-4973-AE13-4842EFBF0AF0}.Release|iPhoneSimulator.ActiveCfg = Release|Any CPU
		{72AEE32A-5FE9-4973-AE13-4842EFBF0AF0}.Release|iPhoneSimulator.Build.0 = Release|Any CPU
		{72AEE32A-5FE9-4973-AE13-4842EFBF0AF0}.Release|iPhoneSimulator.Deploy.0 = Release|Any CPU
		{72AEE32A-5FE9-4973-AE13-4842EFBF0AF0}.Release|x64.ActiveCfg = Release|Any CPU
		{72AEE32A-5FE9-4973-AE13-4842EFBF0AF0}.Release|x64.Build.0 = Release|Any CPU
		{72AEE32A-5FE9-4973-AE13-4842EFBF0AF0}.Release|x64.Deploy.0 = Release|Any CPU
		{72AEE32A-5FE9-4973-AE13-4842EFBF0AF0}.Release|x86.ActiveCfg = Release|Any CPU
		{72AEE32A-5FE9-4973-AE13-4842EFBF0AF0}.Release|x86.Build.0 = Release|Any CPU
		{72AEE32A-5FE9-4973-AE13-4842EFBF0AF0}.Release|x86.Deploy.0 = Release|Any CPU
		{0B97AE14-A05C-4DD2-A93B-F1F81D678120}.Ad-Hoc|Any CPU.ActiveCfg = Ad-Hoc|iPhone
		{0B97AE14-A05C-4DD2-A93B-F1F81D678120}.Ad-Hoc|ARM.ActiveCfg = Ad-Hoc|iPhone
		{0B97AE14-A05C-4DD2-A93B-F1F81D678120}.Ad-Hoc|iPhone.ActiveCfg = Ad-Hoc|iPhone
		{0B97AE14-A05C-4DD2-A93B-F1F81D678120}.Ad-Hoc|iPhone.Build.0 = Ad-Hoc|iPhone
		{0B97AE14-A05C-4DD2-A93B-F1F81D678120}.Ad-Hoc|iPhoneSimulator.ActiveCfg = Ad-Hoc|iPhoneSimulator
		{0B97AE14-A05C-4DD2-A93B-F1F81D678120}.Ad-Hoc|iPhoneSimulator.Build.0 = Ad-Hoc|iPhoneSimulator
		{0B97AE14-A05C-4DD2-A93B-F1F81D678120}.Ad-Hoc|x64.ActiveCfg = Ad-Hoc|iPhone
		{0B97AE14-A05C-4DD2-A93B-F1F81D678120}.Ad-Hoc|x86.ActiveCfg = Ad-Hoc|iPhone
		{0B97AE14-A05C-4DD2-A93B-F1F81D678120}.AppStore|Any CPU.ActiveCfg = AppStore|iPhone
		{0B97AE14-A05C-4DD2-A93B-F1F81D678120}.AppStore|ARM.ActiveCfg = AppStore|iPhone
		{0B97AE14-A05C-4DD2-A93B-F1F81D678120}.AppStore|iPhone.ActiveCfg = AppStore|iPhone
		{0B97AE14-A05C-4DD2-A93B-F1F81D678120}.AppStore|iPhone.Build.0 = AppStore|iPhone
		{0B97AE14-A05C-4DD2-A93B-F1F81D678120}.AppStore|iPhoneSimulator.ActiveCfg = AppStore|iPhoneSimulator
		{0B97AE14-A05C-4DD2-A93B-F1F81D678120}.AppStore|iPhoneSimulator.Build.0 = AppStore|iPhoneSimulator
		{0B97AE14-A05C-4DD2-A93B-F1F81D678120}.AppStore|x64.ActiveCfg = AppStore|iPhone
		{0B97AE14-A05C-4DD2-A93B-F1F81D678120}.AppStore|x86.ActiveCfg = AppStore|iPhone
		{0B97AE14-A05C-4DD2-A93B-F1F81D678120}.Debug|Any CPU.ActiveCfg = Debug|iPhone
		{0B97AE14-A05C-4DD2-A93B-F1F81D678120}.Debug|ARM.ActiveCfg = Debug|iPhone
		{0B97AE14-A05C-4DD2-A93B-F1F81D678120}.Debug|iPhone.ActiveCfg = Debug|iPhone
		{0B97AE14-A05C-4DD2-A93B-F1F81D678120}.Debug|iPhone.Build.0 = Debug|iPhone
		{0B97AE14-A05C-4DD2-A93B-F1F81D678120}.Debug|iPhoneSimulator.ActiveCfg = Debug|iPhoneSimulator
		{0B97AE14-A05C-4DD2-A93B-F1F81D678120}.Debug|iPhoneSimulator.Build.0 = Debug|iPhoneSimulator
		{0B97AE14-A05C-4DD2-A93B-F1F81D678120}.Debug|x64.ActiveCfg = Debug|iPhone
		{0B97AE14-A05C-4DD2-A93B-F1F81D678120}.Debug|x86.ActiveCfg = Debug|iPhone
		{0B97AE14-A05C-4DD2-A93B-F1F81D678120}.Release|Any CPU.ActiveCfg = Release|iPhone
		{0B97AE14-A05C-4DD2-A93B-F1F81D678120}.Release|ARM.ActiveCfg = Release|iPhone
		{0B97AE14-A05C-4DD2-A93B-F1F81D678120}.Release|iPhone.ActiveCfg = Release|iPhone
		{0B97AE14-A05C-4DD2-A93B-F1F81D678120}.Release|iPhone.Build.0 = Release|iPhone
		{0B97AE14-A05C-4DD2-A93B-F1F81D678120}.Release|iPhoneSimulator.ActiveCfg = Release|iPhoneSimulator
		{0B97AE14-A05C-4DD2-A93B-F1F81D678120}.Release|iPhoneSimulator.Build.0 = Release|iPhoneSimulator
		{0B97AE14-A05C-4DD2-A93B-F1F81D678120}.Release|x64.ActiveCfg = Release|iPhone
		{0B97AE14-A05C-4DD2-A93B-F1F81D678120}.Release|x86.ActiveCfg = Release|iPhone
		{00F162F8-F992-4238-AD7A-B724FC302781}.Ad-Hoc|Any CPU.ActiveCfg = Release|Any CPU
		{00F162F8-F992-4238-AD7A-B724FC302781}.Ad-Hoc|Any CPU.Build.0 = Release|Any CPU
		{00F162F8-F992-4238-AD7A-B724FC302781}.Ad-Hoc|Any CPU.Deploy.0 = Release|Any CPU
		{00F162F8-F992-4238-AD7A-B724FC302781}.Ad-Hoc|ARM.ActiveCfg = Release|ARM
		{00F162F8-F992-4238-AD7A-B724FC302781}.Ad-Hoc|ARM.Build.0 = Release|ARM
		{00F162F8-F992-4238-AD7A-B724FC302781}.Ad-Hoc|ARM.Deploy.0 = Release|ARM
		{00F162F8-F992-4238-AD7A-B724FC302781}.Ad-Hoc|iPhone.ActiveCfg = Release|Any CPU
		{00F162F8-F992-4238-AD7A-B724FC302781}.Ad-Hoc|iPhone.Build.0 = Release|Any CPU
		{00F162F8-F992-4238-AD7A-B724FC302781}.Ad-Hoc|iPhone.Deploy.0 = Release|Any CPU
		{00F162F8-F992-4238-AD7A-B724FC302781}.Ad-Hoc|iPhoneSimulator.ActiveCfg = Release|Any CPU
		{00F162F8-F992-4238-AD7A-B724FC302781}.Ad-Hoc|iPhoneSimulator.Build.0 = Release|Any CPU
		{00F162F8-F992-4238-AD7A-B724FC302781}.Ad-Hoc|iPhoneSimulator.Deploy.0 = Release|Any CPU
		{00F162F8-F992-4238-AD7A-B724FC302781}.Ad-Hoc|x64.ActiveCfg = Release|Any CPU
		{00F162F8-F992-4238-AD7A-B724FC302781}.Ad-Hoc|x64.Build.0 = Release|Any CPU
		{00F162F8-F992-4238-AD7A-B724FC302781}.Ad-Hoc|x64.Deploy.0 = Release|Any CPU
		{00F162F8-F992-4238-AD7A-B724FC302781}.Ad-Hoc|x86.ActiveCfg = Release|x86
		{00F162F8-F992-4238-AD7A-B724FC302781}.Ad-Hoc|x86.Build.0 = Release|x86
		{00F162F8-F992-4238-AD7A-B724FC302781}.Ad-Hoc|x86.Deploy.0 = Release|x86
		{00F162F8-F992-4238-AD7A-B724FC302781}.AppStore|Any CPU.ActiveCfg = Release|Any CPU
		{00F162F8-F992-4238-AD7A-B724FC302781}.AppStore|Any CPU.Build.0 = Release|Any CPU
		{00F162F8-F992-4238-AD7A-B724FC302781}.AppStore|Any CPU.Deploy.0 = Release|Any CPU
		{00F162F8-F992-4238-AD7A-B724FC302781}.AppStore|ARM.ActiveCfg = Release|ARM
		{00F162F8-F992-4238-AD7A-B724FC302781}.AppStore|ARM.Build.0 = Release|ARM
		{00F162F8-F992-4238-AD7A-B724FC302781}.AppStore|ARM.Deploy.0 = Release|ARM
		{00F162F8-F992-4238-AD7A-B724FC302781}.AppStore|iPhone.ActiveCfg = Release|Any CPU
		{00F162F8-F992-4238-AD7A-B724FC302781}.AppStore|iPhone.Build.0 = Release|Any CPU
		{00F162F8-F992-4238-AD7A-B724FC302781}.AppStore|iPhone.Deploy.0 = Release|Any CPU
		{00F162F8-F992-4238-AD7A-B724FC302781}.AppStore|iPhoneSimulator.ActiveCfg = Release|Any CPU
		{00F162F8-F992-4238-AD7A-B724FC302781}.AppStore|iPhoneSimulator.Build.0 = Release|Any CPU
		{00F162F8-F992-4238-AD7A-B724FC302781}.AppStore|iPhoneSimulator.Deploy.0 = Release|Any CPU
		{00F162F8-F992-4238-AD7A-B724FC302781}.AppStore|x64.ActiveCfg = Release|Any CPU
		{00F162F8-F992-4238-AD7A-B724FC302781}.AppStore|x64.Build.0 = Release|Any CPU
		{00F162F8-F992-4238-AD7A-B724FC302781}.AppStore|x64.Deploy.0 = Release|Any CPU
		{00F162F8-F992-4238-AD7A-B724FC302781}.AppStore|x86.ActiveCfg = Release|x86
		{00F162F8-F992-4238-AD7A-B724FC302781}.AppStore|x86.Build.0 = Release|x86
		{00F162F8-F992-4238-AD7A-B724FC302781}.AppStore|x86.Deploy.0 = Release|x86
		{00F162F8-F992-4238-AD7A-B724FC302781}.Debug|Any CPU.ActiveCfg = Debug|Any CPU
		{00F162F8-F992-4238-AD7A-B724FC302781}.Debug|Any CPU.Build.0 = Debug|Any CPU
		{00F162F8-F992-4238-AD7A-B724FC302781}.Debug|Any CPU.Deploy.0 = Debug|Any CPU
		{00F162F8-F992-4238-AD7A-B724FC302781}.Debug|ARM.ActiveCfg = Debug|ARM
		{00F162F8-F992-4238-AD7A-B724FC302781}.Debug|ARM.Build.0 = Debug|ARM
		{00F162F8-F992-4238-AD7A-B724FC302781}.Debug|ARM.Deploy.0 = Debug|ARM
		{00F162F8-F992-4238-AD7A-B724FC302781}.Debug|iPhone.ActiveCfg = Debug|Any CPU
		{00F162F8-F992-4238-AD7A-B724FC302781}.Debug|iPhone.Build.0 = Debug|Any CPU
		{00F162F8-F992-4238-AD7A-B724FC302781}.Debug|iPhone.Deploy.0 = Debug|Any CPU
		{00F162F8-F992-4238-AD7A-B724FC302781}.Debug|iPhoneSimulator.ActiveCfg = Debug|Any CPU
		{00F162F8-F992-4238-AD7A-B724FC302781}.Debug|iPhoneSimulator.Build.0 = Debug|Any CPU
		{00F162F8-F992-4238-AD7A-B724FC302781}.Debug|iPhoneSimulator.Deploy.0 = Debug|Any CPU
		{00F162F8-F992-4238-AD7A-B724FC302781}.Debug|x64.ActiveCfg = Debug|Any CPU
		{00F162F8-F992-4238-AD7A-B724FC302781}.Debug|x64.Build.0 = Debug|Any CPU
		{00F162F8-F992-4238-AD7A-B724FC302781}.Debug|x64.Deploy.0 = Debug|Any CPU
		{00F162F8-F992-4238-AD7A-B724FC302781}.Debug|x86.ActiveCfg = Debug|x86
		{00F162F8-F992-4238-AD7A-B724FC302781}.Debug|x86.Build.0 = Debug|x86
		{00F162F8-F992-4238-AD7A-B724FC302781}.Debug|x86.Deploy.0 = Debug|x86
		{00F162F8-F992-4238-AD7A-B724FC302781}.Release|Any CPU.ActiveCfg = Release|Any CPU
		{00F162F8-F992-4238-AD7A-B724FC302781}.Release|Any CPU.Build.0 = Release|Any CPU
		{00F162F8-F992-4238-AD7A-B724FC302781}.Release|Any CPU.Deploy.0 = Release|Any CPU
		{00F162F8-F992-4238-AD7A-B724FC302781}.Release|ARM.ActiveCfg = Release|ARM
		{00F162F8-F992-4238-AD7A-B724FC302781}.Release|ARM.Build.0 = Release|ARM
		{00F162F8-F992-4238-AD7A-B724FC302781}.Release|ARM.Deploy.0 = Release|ARM
		{00F162F8-F992-4238-AD7A-B724FC302781}.Release|iPhone.ActiveCfg = Release|Any CPU
		{00F162F8-F992-4238-AD7A-B724FC302781}.Release|iPhone.Build.0 = Release|Any CPU
		{00F162F8-F992-4238-AD7A-B724FC302781}.Release|iPhone.Deploy.0 = Release|Any CPU
		{00F162F8-F992-4238-AD7A-B724FC302781}.Release|iPhoneSimulator.ActiveCfg = Release|Any CPU
		{00F162F8-F992-4238-AD7A-B724FC302781}.Release|iPhoneSimulator.Build.0 = Release|Any CPU
		{00F162F8-F992-4238-AD7A-B724FC302781}.Release|iPhoneSimulator.Deploy.0 = Release|Any CPU
		{00F162F8-F992-4238-AD7A-B724FC302781}.Release|x64.ActiveCfg = Release|Any CPU
		{00F162F8-F992-4238-AD7A-B724FC302781}.Release|x64.Build.0 = Release|Any CPU
		{00F162F8-F992-4238-AD7A-B724FC302781}.Release|x64.Deploy.0 = Release|Any CPU
		{00F162F8-F992-4238-AD7A-B724FC302781}.Release|x86.ActiveCfg = Release|x86
		{00F162F8-F992-4238-AD7A-B724FC302781}.Release|x86.Build.0 = Release|x86
		{00F162F8-F992-4238-AD7A-B724FC302781}.Release|x86.Deploy.0 = Release|x86
		{EB029EB6-0124-4760-8797-102FFF37D61A}.Ad-Hoc|Any CPU.ActiveCfg = Release|Any CPU
		{EB029EB6-0124-4760-8797-102FFF37D61A}.Ad-Hoc|Any CPU.Build.0 = Release|Any CPU
		{EB029EB6-0124-4760-8797-102FFF37D61A}.Ad-Hoc|Any CPU.Deploy.0 = Release|Any CPU
		{EB029EB6-0124-4760-8797-102FFF37D61A}.Ad-Hoc|ARM.ActiveCfg = Release|ARM
		{EB029EB6-0124-4760-8797-102FFF37D61A}.Ad-Hoc|ARM.Build.0 = Release|ARM
		{EB029EB6-0124-4760-8797-102FFF37D61A}.Ad-Hoc|ARM.Deploy.0 = Release|ARM
		{EB029EB6-0124-4760-8797-102FFF37D61A}.Ad-Hoc|iPhone.ActiveCfg = Release|Any CPU
		{EB029EB6-0124-4760-8797-102FFF37D61A}.Ad-Hoc|iPhone.Build.0 = Release|Any CPU
		{EB029EB6-0124-4760-8797-102FFF37D61A}.Ad-Hoc|iPhone.Deploy.0 = Release|Any CPU
		{EB029EB6-0124-4760-8797-102FFF37D61A}.Ad-Hoc|iPhoneSimulator.ActiveCfg = Release|Any CPU
		{EB029EB6-0124-4760-8797-102FFF37D61A}.Ad-Hoc|iPhoneSimulator.Build.0 = Release|Any CPU
		{EB029EB6-0124-4760-8797-102FFF37D61A}.Ad-Hoc|iPhoneSimulator.Deploy.0 = Release|Any CPU
		{EB029EB6-0124-4760-8797-102FFF37D61A}.Ad-Hoc|x64.ActiveCfg = Release|x64
		{EB029EB6-0124-4760-8797-102FFF37D61A}.Ad-Hoc|x64.Build.0 = Release|x64
		{EB029EB6-0124-4760-8797-102FFF37D61A}.Ad-Hoc|x64.Deploy.0 = Release|x64
		{EB029EB6-0124-4760-8797-102FFF37D61A}.Ad-Hoc|x86.ActiveCfg = Release|x86
		{EB029EB6-0124-4760-8797-102FFF37D61A}.Ad-Hoc|x86.Build.0 = Release|x86
		{EB029EB6-0124-4760-8797-102FFF37D61A}.Ad-Hoc|x86.Deploy.0 = Release|x86
		{EB029EB6-0124-4760-8797-102FFF37D61A}.AppStore|Any CPU.ActiveCfg = Release|Any CPU
		{EB029EB6-0124-4760-8797-102FFF37D61A}.AppStore|Any CPU.Build.0 = Release|Any CPU
		{EB029EB6-0124-4760-8797-102FFF37D61A}.AppStore|Any CPU.Deploy.0 = Release|Any CPU
		{EB029EB6-0124-4760-8797-102FFF37D61A}.AppStore|ARM.ActiveCfg = Release|ARM
		{EB029EB6-0124-4760-8797-102FFF37D61A}.AppStore|ARM.Build.0 = Release|ARM
		{EB029EB6-0124-4760-8797-102FFF37D61A}.AppStore|ARM.Deploy.0 = Release|ARM
		{EB029EB6-0124-4760-8797-102FFF37D61A}.AppStore|iPhone.ActiveCfg = Release|Any CPU
		{EB029EB6-0124-4760-8797-102FFF37D61A}.AppStore|iPhone.Build.0 = Release|Any CPU
		{EB029EB6-0124-4760-8797-102FFF37D61A}.AppStore|iPhone.Deploy.0 = Release|Any CPU
		{EB029EB6-0124-4760-8797-102FFF37D61A}.AppStore|iPhoneSimulator.ActiveCfg = Release|Any CPU
		{EB029EB6-0124-4760-8797-102FFF37D61A}.AppStore|iPhoneSimulator.Build.0 = Release|Any CPU
		{EB029EB6-0124-4760-8797-102FFF37D61A}.AppStore|iPhoneSimulator.Deploy.0 = Release|Any CPU
		{EB029EB6-0124-4760-8797-102FFF37D61A}.AppStore|x64.ActiveCfg = Release|x64
		{EB029EB6-0124-4760-8797-102FFF37D61A}.AppStore|x64.Build.0 = Release|x64
		{EB029EB6-0124-4760-8797-102FFF37D61A}.AppStore|x64.Deploy.0 = Release|x64
		{EB029EB6-0124-4760-8797-102FFF37D61A}.AppStore|x86.ActiveCfg = Release|x86
		{EB029EB6-0124-4760-8797-102FFF37D61A}.AppStore|x86.Build.0 = Release|x86
		{EB029EB6-0124-4760-8797-102FFF37D61A}.AppStore|x86.Deploy.0 = Release|x86
		{EB029EB6-0124-4760-8797-102FFF37D61A}.Debug|Any CPU.ActiveCfg = Debug|Any CPU
		{EB029EB6-0124-4760-8797-102FFF37D61A}.Debug|Any CPU.Build.0 = Debug|Any CPU
		{EB029EB6-0124-4760-8797-102FFF37D61A}.Debug|Any CPU.Deploy.0 = Debug|Any CPU
		{EB029EB6-0124-4760-8797-102FFF37D61A}.Debug|ARM.ActiveCfg = Debug|ARM
		{EB029EB6-0124-4760-8797-102FFF37D61A}.Debug|ARM.Build.0 = Debug|ARM
		{EB029EB6-0124-4760-8797-102FFF37D61A}.Debug|ARM.Deploy.0 = Debug|ARM
		{EB029EB6-0124-4760-8797-102FFF37D61A}.Debug|iPhone.ActiveCfg = Debug|Any CPU
		{EB029EB6-0124-4760-8797-102FFF37D61A}.Debug|iPhone.Build.0 = Debug|Any CPU
		{EB029EB6-0124-4760-8797-102FFF37D61A}.Debug|iPhone.Deploy.0 = Debug|Any CPU
		{EB029EB6-0124-4760-8797-102FFF37D61A}.Debug|iPhoneSimulator.ActiveCfg = Debug|Any CPU
		{EB029EB6-0124-4760-8797-102FFF37D61A}.Debug|iPhoneSimulator.Build.0 = Debug|Any CPU
		{EB029EB6-0124-4760-8797-102FFF37D61A}.Debug|iPhoneSimulator.Deploy.0 = Debug|Any CPU
		{EB029EB6-0124-4760-8797-102FFF37D61A}.Debug|x64.ActiveCfg = Debug|x64
		{EB029EB6-0124-4760-8797-102FFF37D61A}.Debug|x64.Build.0 = Debug|x64
		{EB029EB6-0124-4760-8797-102FFF37D61A}.Debug|x64.Deploy.0 = Debug|x64
		{EB029EB6-0124-4760-8797-102FFF37D61A}.Debug|x86.ActiveCfg = Debug|x86
		{EB029EB6-0124-4760-8797-102FFF37D61A}.Debug|x86.Build.0 = Debug|x86
		{EB029EB6-0124-4760-8797-102FFF37D61A}.Debug|x86.Deploy.0 = Debug|x86
		{EB029EB6-0124-4760-8797-102FFF37D61A}.Release|Any CPU.ActiveCfg = Release|Any CPU
		{EB029EB6-0124-4760-8797-102FFF37D61A}.Release|Any CPU.Build.0 = Release|Any CPU
		{EB029EB6-0124-4760-8797-102FFF37D61A}.Release|Any CPU.Deploy.0 = Release|Any CPU
		{EB029EB6-0124-4760-8797-102FFF37D61A}.Release|ARM.ActiveCfg = Release|ARM
		{EB029EB6-0124-4760-8797-102FFF37D61A}.Release|ARM.Build.0 = Release|ARM
		{EB029EB6-0124-4760-8797-102FFF37D61A}.Release|ARM.Deploy.0 = Release|ARM
		{EB029EB6-0124-4760-8797-102FFF37D61A}.Release|iPhone.ActiveCfg = Release|Any CPU
		{EB029EB6-0124-4760-8797-102FFF37D61A}.Release|iPhone.Build.0 = Release|Any CPU
		{EB029EB6-0124-4760-8797-102FFF37D61A}.Release|iPhone.Deploy.0 = Release|Any CPU
		{EB029EB6-0124-4760-8797-102FFF37D61A}.Release|iPhoneSimulator.ActiveCfg = Release|Any CPU
		{EB029EB6-0124-4760-8797-102FFF37D61A}.Release|iPhoneSimulator.Build.0 = Release|Any CPU
		{EB029EB6-0124-4760-8797-102FFF37D61A}.Release|iPhoneSimulator.Deploy.0 = Release|Any CPU
		{EB029EB6-0124-4760-8797-102FFF37D61A}.Release|x64.ActiveCfg = Release|x64
		{EB029EB6-0124-4760-8797-102FFF37D61A}.Release|x64.Build.0 = Release|x64
		{EB029EB6-0124-4760-8797-102FFF37D61A}.Release|x64.Deploy.0 = Release|x64
		{EB029EB6-0124-4760-8797-102FFF37D61A}.Release|x86.ActiveCfg = Release|x86
		{EB029EB6-0124-4760-8797-102FFF37D61A}.Release|x86.Build.0 = Release|x86
		{EB029EB6-0124-4760-8797-102FFF37D61A}.Release|x86.Deploy.0 = Release|x86
	EndGlobalSection
	GlobalSection(SolutionProperties) = preSolution
		HideSolutionNode = FALSE
	EndGlobalSection
EndGlobal
